
Microsoft Visual Studio Solution File, Format Version 12.00
# Visual Studio Version 16
VisualStudioVersion = 16.0.29318.209
MinimumVisualStudioVersion = 10.0.40219.1
Project("{FAE04EC0-301F-11D3-BF4B-00C04F79EFBC}") = "CurrencyExchange", "CurrencyExchange\CurrencyExchange.csproj", "{C033DA66-EB43-4E96-B37D-B18F3FD3A59C}"
EndProject
Global
	GlobalSection(SolutionConfigurationPlatforms) = preSolution
		Debug|Any CPU = Debug|Any CPU
		Release|Any CPU = Release|Any CPU
	EndGlobalSection
	GlobalSection(ProjectConfigurationPlatforms) = postSolution
		{C033DA66-EB43-4E96-B37D-B18F3FD3A59C}.Debug|Any CPU.ActiveCfg = Debug|Any CPU
		{C033DA66-EB43-4E96-B37D-B18F3FD3A59C}.Debug|Any CPU.Build.0 = Debug|Any CPU
		{C033DA66-EB43-4E96-B37D-B18F3FD3A59C}.Release|Any CPU.ActiveCfg = Release|Any CPU
		{C033DA66-EB43-4E96-B37D-B18F3FD3A59C}.Release|Any CPU.Build.0 = Release|Any CPU
	EndGlobalSection
	GlobalSection(SolutionProperties) = preSolution
		HideSolutionNode = FALSE
	EndGlobalSection
	GlobalSection(ExtensibilityGlobals) = postSolution
		SolutionGuid = {4AC73760-6977-4A5C-9729-48A53FA1D4CC}
	EndGlobalSection
EndGlobal
